
Microsoft Visual Studio Solution File, Format Version 12.00
# Visual Studio Version 16
VisualStudioVersion = 16.0.32428.217
MinimumVisualStudioVersion = 10.0.40219.1
Project("{FAE04EC0-301F-11D3-BF4B-00C04F79EFBC}") = "Second Console App", "Second Console App\Second Console App.csproj", "{4650E879-6C27-473D-BFBF-70B63F688364}"
EndProject
Global
	GlobalSection(SolutionConfigurationPlatforms) = preSolution
		Debug|Any CPU = Debug|Any CPU
		Release|Any CPU = Release|Any CPU
	EndGlobalSection
	GlobalSection(ProjectConfigurationPlatforms) = postSolution
		{4650E879-6C27-473D-BFBF-70B63F688364}.Debug|Any CPU.ActiveCfg = Debug|Any CPU
		{4650E879-6C27-473D-BFBF-70B63F688364}.Debug|Any CPU.Build.0 = Debug|Any CPU
		{4650E879-6C27-473D-BFBF-70B63F688364}.Release|Any CPU.ActiveCfg = Release|Any CPU
		{4650E879-6C27-473D-BFBF-70B63F688364}.Release|Any CPU.Build.0 = Release|Any CPU
	EndGlobalSection
	GlobalSection(SolutionProperties) = preSolution
		HideSolutionNode = FALSE
	EndGlobalSection
	GlobalSection(ExtensibilityGlobals) = postSolution
		SolutionGuid = {D0C102B6-5481-4A65-B369-3E0345DBE50B}
	EndGlobalSection
EndGlobal
